
Microsoft Visual Studio Solution File, Format Version 12.00
# Visual Studio 15
VisualStudioVersion = 15.0.28307.106
MinimumVisualStudioVersion = 10.0.40219.1
Project("{8BC9CEB8-8B4A-11D0-8D11-00A0C91BC942}") = "4.01.2019Homework", "4.01.2019Homework\4.01.2019Homework.vcxproj", "{91CEA724-B985-4C9B-A25E-892B18D71963}"
EndProject
Global
	GlobalSection(SolutionConfigurationPlatforms) = preSolution
		Debug|x64 = Debug|x64
		Debug|x86 = Debug|x86
		Release|x64 = Release|x64
		Release|x86 = Release|x86
	EndGlobalSection
	GlobalSection(ProjectConfigurationPlatforms) = postSolution
		{91CEA724-B985-4C9B-A25E-892B18D71963}.Debug|x64.ActiveCfg = Debug|x64
		{91CEA724-B985-4C9B-A25E-892B18D71963}.Debug|x64.Build.0 = Debug|x64
		{91CEA724-B985-4C9B-A25E-892B18D71963}.Debug|x86.ActiveCfg = Debug|Win32
		{91CEA724-B985-4C9B-A25E-892B18D71963}.Debug|x86.Build.0 = Debug|Win32
		{91CEA724-B985-4C9B-A25E-892B18D71963}.Release|x64.ActiveCfg = Release|x64
		{91CEA724-B985-4C9B-A25E-892B18D71963}.Release|x64.Build.0 = Release|x64
		{91CEA724-B985-4C9B-A25E-892B18D71963}.Release|x86.ActiveCfg = Release|Win32
		{91CEA724-B985-4C9B-A25E-892B18D71963}.Release|x86.Build.0 = Release|Win32
	EndGlobalSection
	GlobalSection(SolutionProperties) = preSolution
		HideSolutionNode = FALSE
	EndGlobalSection
	GlobalSection(ExtensibilityGlobals) = postSolution
		SolutionGuid = {24485527-5F53-4337-A7CD-899F5DB21D68}
	EndGlobalSection
EndGlobal
